{
  "version": 4,
  "terraform_version": "1.7.5",
  "serial": 85,
  "lineage": "0f76973c-d397-6467-4c0e-4d5826395759",
  "outputs": {},
  "resources": [
    {
      "module": "module.api_gateway",
      "mode": "managed",
      "type": "aws_api_gateway_deployment",
      "name": "api_gateway",
      "provider": "provider[\"registry.terraform.io/hashicorp/aws\"]",
      "instances": [
        {
          "schema_version": 0,
          "attributes": {
            "canary_settings": [],
            "created_date": "2024-08-31T10:28:05Z",
            "description": "",
            "execution_arn": "arn:aws:execute-api:ap-southeast-1:128007096314:jl3drszd1e/main",
            "id": "6clkec",
            "invoke_url": "https://jl3drszd1e.execute-api.ap-southeast-1.amazonaws.com/main",
            "rest_api_id": "jl3drszd1e",
            "stage_description": null,
            "stage_name": "main",
            "triggers": null,
            "variables": null
          },
          "sensitive_attributes": [],
          "private": "bnVsbA==",
          "dependencies": [
            "module.api_gateway.aws_api_gateway_integration.api",
            "module.api_gateway.aws_api_gateway_method.proxy",
            "module.api_gateway.aws_api_gateway_resource.proxy",
            "module.api_gateway.aws_api_gateway_rest_api.main",
            "module.iam.aws_iam_role.api_sqs",
            "module.sqs.aws_sqs_queue.queue"
          ]
        }
      ]
    },
    {
      "module": "module.api_gateway",
      "mode": "managed",
      "type": "aws_api_gateway_integration",
      "name": "api",
      "provider": "provider[\"registry.terraform.io/hashicorp/aws\"]",
      "instances": [
        {
          "schema_version": 0,
          "attributes": {
            "cache_key_parameters": [],
            "cache_namespace": "qjn8dl",
            "connection_id": "",
            "connection_type": "INTERNET",
            "content_handling": "",
            "credentials": "arn:aws:iam::128007096314:role/apigateway_sqs",
            "http_method": "ANY",
            "id": "agi-jl3drszd1e-qjn8dl-ANY",
            "integration_http_method": "POST",
            "passthrough_behavior": "NEVER",
            "request_parameters": {
              "integration.request.header.Content-Type": "'application/x-www-form-urlencoded'"
            },
            "request_templates": {
              "application/json": "Action=SendMessage\u0026MessageBody=$input.body"
            },
            "resource_id": "qjn8dl",
            "rest_api_id": "jl3drszd1e",
            "timeout_milliseconds": 29000,
            "tls_config": [],
            "type": "AWS",
            "uri": "arn:aws:apigateway:ap-southeast-1:sqs:path/apigateway-queue"
          },
          "sensitive_attributes": [],
          "private": "bnVsbA==",
          "dependencies": [
            "module.api_gateway.aws_api_gateway_method.proxy",
            "module.api_gateway.aws_api_gateway_resource.proxy",
            "module.api_gateway.aws_api_gateway_rest_api.main",
            "module.iam.aws_iam_role.api_sqs",
            "module.sqs.aws_sqs_queue.queue"
          ]
        }
      ]
    },
    {
      "module": "module.api_gateway",
      "mode": "managed",
      "type": "aws_api_gateway_integration_response",
      "name": "success",
      "provider": "provider[\"registry.terraform.io/hashicorp/aws\"]",
      "instances": [
        {
          "schema_version": 0,
          "attributes": {
            "content_handling": "",
            "http_method": "ANY",
            "id": "agir-jl3drszd1e-qjn8dl-ANY-200",
            "resource_id": "qjn8dl",
            "response_parameters": {},
            "response_templates": {
              "application/json": "{\"message\": \"great success!\"}"
            },
            "rest_api_id": "jl3drszd1e",
            "selection_pattern": "",
            "status_code": "200"
          },
          "sensitive_attributes": [],
          "private": "bnVsbA==",
          "dependencies": [
            "module.api_gateway.aws_api_gateway_integration.api",
            "module.api_gateway.aws_api_gateway_method.proxy",
            "module.api_gateway.aws_api_gateway_method_response.response_200",
            "module.api_gateway.aws_api_gateway_resource.proxy",
            "module.api_gateway.aws_api_gateway_rest_api.main",
            "module.iam.aws_iam_role.api_sqs",
            "module.sqs.aws_sqs_queue.queue"
          ]
        }
      ]
    },
    {
      "module": "module.api_gateway",
      "mode": "managed",
      "type": "aws_api_gateway_method",
      "name": "proxy",
      "provider": "provider[\"registry.terraform.io/hashicorp/aws\"]",
      "instances": [
        {
          "schema_version": 0,
          "attributes": {
            "api_key_required": false,
            "authorization": "NONE",
            "authorization_scopes": [],
            "authorizer_id": "",
            "http_method": "ANY",
            "id": "agm-jl3drszd1e-qjn8dl-ANY",
            "operation_name": "",
            "request_models": {},
            "request_parameters": {},
            "request_validator_id": "",
            "resource_id": "qjn8dl",
            "rest_api_id": "jl3drszd1e"
          },
          "sensitive_attributes": [],
          "private": "bnVsbA==",
          "dependencies": [
            "module.api_gateway.aws_api_gateway_resource.proxy",
            "module.api_gateway.aws_api_gateway_rest_api.main"
          ]
        }
      ]
    },
    {
      "module": "module.api_gateway",
      "mode": "managed",
      "type": "aws_api_gateway_method_response",
      "name": "response_200",
      "provider": "provider[\"registry.terraform.io/hashicorp/aws\"]",
      "instances": [
        {
          "schema_version": 0,
          "attributes": {
            "http_method": "ANY",
            "id": "agmr-jl3drszd1e-qjn8dl-ANY-200",
            "resource_id": "qjn8dl",
            "response_models": {
              "application/json": "Empty"
            },
            "response_parameters": {},
            "rest_api_id": "jl3drszd1e",
            "status_code": "200"
          },
          "sensitive_attributes": [],
          "private": "bnVsbA==",
          "dependencies": [
            "module.api_gateway.aws_api_gateway_method.proxy",
            "module.api_gateway.aws_api_gateway_resource.proxy",
            "module.api_gateway.aws_api_gateway_rest_api.main"
          ]
        }
      ]
    },
    {
      "module": "module.api_gateway",
      "mode": "managed",
      "type": "aws_api_gateway_resource",
      "name": "proxy",
      "provider": "provider[\"registry.terraform.io/hashicorp/aws\"]",
      "instances": [
        {
          "schema_version": 0,
          "attributes": {
            "id": "qjn8dl",
            "parent_id": "jyy2e6me73",
            "path": "/gateway",
            "path_part": "gateway",
            "rest_api_id": "jl3drszd1e"
          },
          "sensitive_attributes": [],
          "private": "bnVsbA==",
          "dependencies": [
            "module.api_gateway.aws_api_gateway_rest_api.main"
          ]
        }
      ]
    },
    {
      "module": "module.api_gateway",
      "mode": "managed",
      "type": "aws_api_gateway_rest_api",
      "name": "main",
      "provider": "provider[\"registry.terraform.io/hashicorp/aws\"]",
      "instances": [
        {
          "schema_version": 0,
          "attributes": {
            "api_key_source": "HEADER",
            "arn": "arn:aws:apigateway:ap-southeast-1::/restapis/jl3drszd1e",
            "binary_media_types": [],
            "body": null,
            "created_date": "2024-08-31T10:27:40Z",
            "description": "API Gateway in driver location",
            "disable_execute_api_endpoint": false,
            "endpoint_configuration": [
              {
                "types": [
                  "EDGE"
                ],
                "vpc_endpoint_ids": []
              }
            ],
            "execution_arn": "arn:aws:execute-api:ap-southeast-1:128007096314:jl3drszd1e",
            "fail_on_warnings": null,
            "id": "jl3drszd1e",
            "minimum_compression_size": "",
            "name": "API_Gateway",
            "parameters": null,
            "policy": "",
            "put_rest_api_mode": null,
            "root_resource_id": "jyy2e6me73",
            "tags": {},
            "tags_all": {}
          },
          "sensitive_attributes": [],
          "private": "bnVsbA=="
        }
      ]
    },
    {
      "module": "module.iam",
      "mode": "data",
      "type": "template_file",
      "name": "gateway_policy",
      "provider": "provider[\"registry.terraform.io/hashicorp/template\"]",
      "instances": [
        {
          "schema_version": 0,
          "attributes": {
            "filename": null,
            "id": "412ca48e3f6aaeb62e4f4954067fbe4582cccc5bdf64f113d0884d3d08551178",
            "rendered": "{\r\n  \"Version\": \"2012-10-17\",\r\n  \"Statement\": [\r\n    {\r\n      \"Effect\": \"Allow\",\r\n      \"Action\": [\r\n        \"logs:CreateLogGroup\",\r\n        \"logs:CreateLogStream\",\r\n        \"logs:DescribeLogGroups\",\r\n        \"logs:DescribeLogStreams\",\r\n        \"logs:PutLogEvents\",\r\n        \"logs:GetLogEvents\",\r\n        \"logs:FilterLogEvents\"\r\n      ],\r\n      \"Resource\": \"*\"\r\n    },\r\n    {\r\n      \"Effect\": \"Allow\",\r\n      \"Action\": [\r\n        \"sqs:GetQueueUrl\",\r\n        \"sqs:ChangeMessageVisibility\",\r\n        \"sqs:ListDeadLetterSourceQueues\",\r\n        \"sqs:SendMessageBatch\",\r\n        \"sqs:PurgeQueue\",\r\n        \"sqs:ReceiveMessage\",\r\n        \"sqs:SendMessage\",\r\n        \"sqs:GetQueueAttributes\",\r\n        \"sqs:CreateQueue\",\r\n        \"sqs:ListQueueTags\",\r\n        \"sqs:ChangeMessageVisibilityBatch\",\r\n        \"sqs:SetQueueAttributes\"\r\n      ],\r\n      \"Resource\": \"arn:aws:sqs:ap-southeast-1:128007096314:apigateway-queue\"\r\n    },\r\n    {\r\n      \"Effect\": \"Allow\",\r\n      \"Action\": \"sqs:ListQueues\",\r\n      \"Resource\": \"*\"\r\n    }      \r\n  ]\r\n}",
            "template": "{\r\n  \"Version\": \"2012-10-17\",\r\n  \"Statement\": [\r\n    {\r\n      \"Effect\": \"Allow\",\r\n      \"Action\": [\r\n        \"logs:CreateLogGroup\",\r\n        \"logs:CreateLogStream\",\r\n        \"logs:DescribeLogGroups\",\r\n        \"logs:DescribeLogStreams\",\r\n        \"logs:PutLogEvents\",\r\n        \"logs:GetLogEvents\",\r\n        \"logs:FilterLogEvents\"\r\n      ],\r\n      \"Resource\": \"*\"\r\n    },\r\n    {\r\n      \"Effect\": \"Allow\",\r\n      \"Action\": [\r\n        \"sqs:GetQueueUrl\",\r\n        \"sqs:ChangeMessageVisibility\",\r\n        \"sqs:ListDeadLetterSourceQueues\",\r\n        \"sqs:SendMessageBatch\",\r\n        \"sqs:PurgeQueue\",\r\n        \"sqs:ReceiveMessage\",\r\n        \"sqs:SendMessage\",\r\n        \"sqs:GetQueueAttributes\",\r\n        \"sqs:CreateQueue\",\r\n        \"sqs:ListQueueTags\",\r\n        \"sqs:ChangeMessageVisibilityBatch\",\r\n        \"sqs:SetQueueAttributes\"\r\n      ],\r\n      \"Resource\": \"${sqs_arn}\"\r\n    },\r\n    {\r\n      \"Effect\": \"Allow\",\r\n      \"Action\": \"sqs:ListQueues\",\r\n      \"Resource\": \"*\"\r\n    }      \r\n  ]\r\n}",
            "vars": {
              "sqs_arn": "arn:aws:sqs:ap-southeast-1:128007096314:apigateway-queue"
            }
          },
          "sensitive_attributes": []
        }
      ]
    },
    {
      "module": "module.iam",
      "mode": "data",
      "type": "template_file",
      "name": "lambda_policy",
      "provider": "provider[\"registry.terraform.io/hashicorp/template\"]",
      "instances": [
        {
          "schema_version": 0,
          "attributes": {
            "filename": null,
            "id": "21592905cd9bc5b30b800a3ef2695994a1f2088f7079d18f09463abe80300dd1",
            "rendered": "{\r\n    \"Version\": \"2012-10-17\",\r\n    \"Statement\": [\r\n        {\r\n          \"Action\": [\r\n              \"sqs:DeleteMessage\",\r\n              \"sqs:ReceiveMessage\",\r\n              \"sqs:GetQueueAttributes\"\r\n          ],\r\n          \"Resource\": \"arn:aws:sqs:ap-southeast-1:128007096314:apigateway-queue\",\r\n          \"Effect\": \"Allow\"\r\n      },\r\n      {\r\n        \"Action\": [\r\n            \"logs:CreateLogGroup\",\r\n            \"logs:CreateLogStream\",\r\n            \"logs:PutLogEvents\"\r\n        ],\r\n        \"Resource\": \"arn:aws:logs:*:*:*\",\r\n        \"Effect\": \"Allow\"\r\n      }\r\n    ]\r\n  }",
            "template": "{\r\n    \"Version\": \"2012-10-17\",\r\n    \"Statement\": [\r\n        {\r\n          \"Action\": [\r\n              \"sqs:DeleteMessage\",\r\n              \"sqs:ReceiveMessage\",\r\n              \"sqs:GetQueueAttributes\"\r\n          ],\r\n          \"Resource\": \"${sqs_arn}\",\r\n          \"Effect\": \"Allow\"\r\n      },\r\n      {\r\n        \"Action\": [\r\n            \"logs:CreateLogGroup\",\r\n            \"logs:CreateLogStream\",\r\n            \"logs:PutLogEvents\"\r\n        ],\r\n        \"Resource\": \"arn:aws:logs:*:*:*\",\r\n        \"Effect\": \"Allow\"\r\n      }\r\n    ]\r\n  }",
            "vars": {
              "sqs_arn": "arn:aws:sqs:ap-southeast-1:128007096314:apigateway-queue"
            }
          },
          "sensitive_attributes": []
        }
      ]
    },
    {
      "module": "module.iam",
      "mode": "managed",
      "type": "aws_iam_policy",
      "name": "api_policy",
      "provider": "provider[\"registry.terraform.io/hashicorp/aws\"]",
      "instances": [
        {
          "schema_version": 0,
          "attributes": {
            "arn": "arn:aws:iam::128007096314:policy/api-sqs-cloudwatch-policy",
            "attachment_count": 1,
            "description": "",
            "id": "arn:aws:iam::128007096314:policy/api-sqs-cloudwatch-policy",
            "name": "api-sqs-cloudwatch-policy",
            "name_prefix": "",
            "path": "/",
            "policy": "{\"Statement\":[{\"Action\":[\"logs:CreateLogGroup\",\"logs:CreateLogStream\",\"logs:DescribeLogGroups\",\"logs:DescribeLogStreams\",\"logs:PutLogEvents\",\"logs:GetLogEvents\",\"logs:FilterLogEvents\"],\"Effect\":\"Allow\",\"Resource\":\"*\"},{\"Action\":[\"sqs:GetQueueUrl\",\"sqs:ChangeMessageVisibility\",\"sqs:ListDeadLetterSourceQueues\",\"sqs:SendMessageBatch\",\"sqs:PurgeQueue\",\"sqs:ReceiveMessage\",\"sqs:SendMessage\",\"sqs:GetQueueAttributes\",\"sqs:CreateQueue\",\"sqs:ListQueueTags\",\"sqs:ChangeMessageVisibilityBatch\",\"sqs:SetQueueAttributes\"],\"Effect\":\"Allow\",\"Resource\":\"arn:aws:sqs:ap-southeast-1:128007096314:apigateway-queue\"},{\"Action\":\"sqs:ListQueues\",\"Effect\":\"Allow\",\"Resource\":\"*\"}],\"Version\":\"2012-10-17\"}",
            "policy_id": "ANPAR3TORI75EUFWXO2AP",
            "tags": {},
            "tags_all": {}
          },
          "sensitive_attributes": [],
          "private": "bnVsbA==",
          "dependencies": [
            "module.iam.data.template_file.gateway_policy",
            "module.sqs.aws_sqs_queue.queue"
          ]
        }
      ]
    },
    {
      "module": "module.iam",
      "mode": "managed",
      "type": "aws_iam_policy",
      "name": "lambda_sqs_policy",
      "provider": "provider[\"registry.terraform.io/hashicorp/aws\"]",
      "instances": [
        {
          "schema_version": 0,
          "attributes": {
            "arn": "arn:aws:iam::128007096314:policy/lambda_policy_db",
            "attachment_count": 1,
            "description": "IAM policy for lambda Being invoked by SQS",
            "id": "arn:aws:iam::128007096314:policy/lambda_policy_db",
            "name": "lambda_policy_db",
            "name_prefix": "",
            "path": "/",
            "policy": "{\"Statement\":[{\"Action\":[\"sqs:DeleteMessage\",\"sqs:ReceiveMessage\",\"sqs:GetQueueAttributes\"],\"Effect\":\"Allow\",\"Resource\":\"arn:aws:sqs:ap-southeast-1:128007096314:apigateway-queue\"},{\"Action\":[\"logs:CreateLogGroup\",\"logs:CreateLogStream\",\"logs:PutLogEvents\"],\"Effect\":\"Allow\",\"Resource\":\"arn:aws:logs:*:*:*\"}],\"Version\":\"2012-10-17\"}",
            "policy_id": "ANPAR3TORI75OL22HWWIG",
            "tags": {},
            "tags_all": {}
          },
          "sensitive_attributes": [],
          "private": "bnVsbA==",
          "dependencies": [
            "module.iam.data.template_file.lambda_policy",
            "module.sqs.aws_sqs_queue.queue"
          ]
        }
      ]
    },
    {
      "module": "module.iam",
      "mode": "managed",
      "type": "aws_iam_role",
      "name": "api_sqs",
      "provider": "provider[\"registry.terraform.io/hashicorp/aws\"]",
      "instances": [
        {
          "schema_version": 0,
          "attributes": {
            "arn": "arn:aws:iam::128007096314:role/apigateway_sqs",
            "assume_role_policy": "{\"Statement\":[{\"Action\":\"sts:AssumeRole\",\"Effect\":\"Allow\",\"Principal\":{\"Service\":\"apigateway.amazonaws.com\"},\"Sid\":\"\"}],\"Version\":\"2012-10-17\"}",
            "create_date": "2024-08-31T10:27:40Z",
            "description": "",
            "force_detach_policies": false,
            "id": "apigateway_sqs",
            "inline_policy": [],
            "managed_policy_arns": [
              "arn:aws:iam::128007096314:policy/api-sqs-cloudwatch-policy"
            ],
            "max_session_duration": 3600,
            "name": "apigateway_sqs",
            "name_prefix": "",
            "path": "/",
            "permissions_boundary": "",
            "tags": {},
            "tags_all": {},
            "unique_id": "AROAR3TORI75OGRESEZIV"
          },
          "sensitive_attributes": [],
          "private": "bnVsbA=="
        }
      ]
    },
    {
      "module": "module.iam",
      "mode": "managed",
      "type": "aws_iam_role",
      "name": "lambda_exec_role",
      "provider": "provider[\"registry.terraform.io/hashicorp/aws\"]",
      "instances": [
        {
          "schema_version": 0,
          "attributes": {
            "arn": "arn:aws:iam::128007096314:role/handler-lambda",
            "assume_role_policy": "{\"Statement\":[{\"Action\":\"sts:AssumeRole\",\"Effect\":\"Allow\",\"Principal\":{\"Service\":\"lambda.amazonaws.com\"},\"Sid\":\"\"}],\"Version\":\"2012-10-17\"}",
            "create_date": "2024-08-31T15:38:45Z",
            "description": "",
            "force_detach_policies": false,
            "id": "handler-lambda",
            "inline_policy": [],
            "managed_policy_arns": [
              "arn:aws:iam::128007096314:policy/lambda_policy_db"
            ],
            "max_session_duration": 3600,
            "name": "handler-lambda",
            "name_prefix": "",
            "path": "/",
            "permissions_boundary": "",
            "tags": {},
            "tags_all": {},
            "unique_id": "AROAR3TORI75CT65N4Z4Z"
          },
          "sensitive_attributes": [],
          "private": "bnVsbA=="
        }
      ]
    },
    {
      "module": "module.iam",
      "mode": "managed",
      "type": "aws_iam_role_policy_attachment",
      "name": "api_exec_role",
      "provider": "provider[\"registry.terraform.io/hashicorp/aws\"]",
      "instances": [
        {
          "schema_version": 0,
          "attributes": {
            "id": "apigateway_sqs-20240831102806575600000001",
            "policy_arn": "arn:aws:iam::128007096314:policy/api-sqs-cloudwatch-policy",
            "role": "apigateway_sqs"
          },
          "sensitive_attributes": [],
          "private": "bnVsbA==",
          "dependencies": [
            "module.iam.aws_iam_policy.api_policy",
            "module.iam.aws_iam_role.api_sqs",
            "module.iam.data.template_file.gateway_policy",
            "module.sqs.aws_sqs_queue.queue"
          ]
        }
      ]
    },
    {
      "module": "module.iam",
      "mode": "managed",
      "type": "aws_iam_role_policy_attachment",
      "name": "lambda_role_policy",
      "provider": "provider[\"registry.terraform.io/hashicorp/aws\"]",
      "instances": [
        {
          "schema_version": 0,
          "attributes": {
            "id": "handler-lambda-20240831153847131200000001",
            "policy_arn": "arn:aws:iam::128007096314:policy/lambda_policy_db",
            "role": "handler-lambda"
          },
          "sensitive_attributes": [],
          "private": "bnVsbA==",
          "dependencies": [
            "module.iam.aws_iam_policy.lambda_sqs_policy",
            "module.iam.aws_iam_role.lambda_exec_role",
            "module.iam.data.template_file.lambda_policy",
            "module.sqs.aws_sqs_queue.queue"
          ]
        }
      ]
    },
    {
      "module": "module.lambda",
      "mode": "data",
      "type": "archive_file",
      "name": "lambda_archive",
      "provider": "provider[\"registry.terraform.io/hashicorp/archive\"]",
      "instances": [
        {
          "schema_version": 0,
          "attributes": {
            "exclude_symlink_directories": null,
            "excludes": null,
            "id": "d80c1de37ca9da504be0670669a202f4eeb0bddb",
            "output_base64sha256": "FmBuPfKJbrEhrSrkbf43eFwgHaLtMoQP62vNeyEkh48=",
            "output_base64sha512": "qwMWo7INCIyqewndPdUhEApsPvRY2hk+67MRPHl+t50rTH3Q2nzyOH/L5bCQEm1LslXt54kgcJVf8hVK8Ueu4w==",
            "output_file_mode": null,
            "output_md5": "a778e5df45fc6947982435139258cd30",
            "output_path": ".../../../src/lambda-archive.zip",
            "output_sha": "d80c1de37ca9da504be0670669a202f4eeb0bddb",
            "output_sha256": "16606e3df2896eb121ad2ae46dfe37785c201da2ed32840feb6bcd7b2124878f",
            "output_sha512": "ab0316a3b20d088caa7b09dd3dd521100a6c3ef458da193eebb3113c797eb79d2b4c7dd0da7cf2387fcbe5b090126d4bb255ede7892070955ff2154af147aee3",
            "output_size": 407,
            "source": [],
            "source_content": null,
            "source_content_filename": null,
            "source_dir": ".../../../src",
            "source_file": null,
            "type": "zip"
          },
          "sensitive_attributes": []
        }
      ]
    },
    {
      "module": "module.lambda",
      "mode": "managed",
      "type": "aws_lambda_event_source_mapping",
      "name": "event_source_mapping",
      "provider": "provider[\"registry.terraform.io/hashicorp/aws\"]",
      "instances": [
        {
          "schema_version": 0,
          "attributes": {
            "amazon_managed_kafka_event_source_config": [],
            "batch_size": 1,
            "bisect_batch_on_function_error": false,
            "destination_config": [],
            "document_db_event_source_config": [],
            "enabled": true,
            "event_source_arn": "arn:aws:sqs:ap-southeast-1:128007096314:apigateway-queue",
            "filter_criteria": [],
            "function_arn": "arn:aws:lambda:ap-southeast-1:128007096314:function:lambda-sqs",
            "function_name": "arn:aws:lambda:ap-southeast-1:128007096314:function:lambda-sqs",
            "function_response_types": [],
            "id": "5635c3fc-7787-4a60-90b0-593424dc6064",
            "kms_key_arn": "",
            "last_modified": "2024-08-31T15:39:00Z",
            "last_processing_result": "",
            "maximum_batching_window_in_seconds": 0,
            "maximum_record_age_in_seconds": 0,
            "maximum_retry_attempts": 0,
            "parallelization_factor": 0,
            "queues": [],
            "scaling_config": [],
            "self_managed_event_source": [],
            "self_managed_kafka_event_source_config": [],
            "source_access_configuration": [],
            "starting_position": "",
            "starting_position_timestamp": "",
            "state": "Enabled",
            "state_transition_reason": "USER_INITIATED",
            "topics": [],
            "tumbling_window_in_seconds": 0,
            "uuid": "5635c3fc-7787-4a60-90b0-593424dc6064"
          },
          "sensitive_attributes": [],
          "private": "bnVsbA==",
          "dependencies": [
            "module.iam.aws_iam_role.lambda_exec_role",
            "module.lambda.aws_lambda_function.lambda_sqs",
            "module.lambda.data.archive_file.lambda_archive",
            "module.sqs.aws_sqs_queue.queue"
          ]
        }
      ]
    },
    {
      "module": "module.lambda",
      "mode": "managed",
      "type": "aws_lambda_function",
      "name": "lambda_sqs",
      "provider": "provider[\"registry.terraform.io/hashicorp/aws\"]",
      "instances": [
        {
          "schema_version": 0,
          "attributes": {
            "architectures": [
              "x86_64"
            ],
            "arn": "arn:aws:lambda:ap-southeast-1:128007096314:function:lambda-sqs",
            "code_sha256": "FmBuPfKJbrEhrSrkbf43eFwgHaLtMoQP62vNeyEkh48=",
            "code_signing_config_arn": "",
            "dead_letter_config": [],
            "description": "",
            "environment": [],
            "ephemeral_storage": [
              {
                "size": 512
              }
            ],
            "file_system_config": [],
            "filename": ".../../../src/lambda-archive.zip",
            "function_name": "lambda-sqs",
            "handler": "handler.lambda_handler",
            "id": "lambda-sqs",
            "image_config": [],
            "image_uri": "",
            "invoke_arn": "arn:aws:apigateway:ap-southeast-1:lambda:path/2015-03-31/functions/arn:aws:lambda:ap-southeast-1:128007096314:function:lambda-sqs/invocations",
            "kms_key_arn": "",
            "last_modified": "2024-08-31T15:39:50.000+0000",
            "layers": [],
            "logging_config": [
              {
                "application_log_level": "",
                "log_format": "Text",
                "log_group": "/aws/lambda/lambda-sqs",
                "system_log_level": ""
              }
            ],
            "memory_size": 128,
            "package_type": "Zip",
            "publish": false,
            "qualified_arn": "arn:aws:lambda:ap-southeast-1:128007096314:function:lambda-sqs:$LATEST",
            "qualified_invoke_arn": "arn:aws:apigateway:ap-southeast-1:lambda:path/2015-03-31/functions/arn:aws:lambda:ap-southeast-1:128007096314:function:lambda-sqs:$LATEST/invocations",
            "replace_security_groups_on_destroy": null,
            "replacement_security_group_ids": null,
            "reserved_concurrent_executions": -1,
            "role": "arn:aws:iam::128007096314:role/handler-lambda",
            "runtime": "python3.11",
            "s3_bucket": null,
            "s3_key": null,
            "s3_object_version": null,
            "signing_job_arn": "",
            "signing_profile_version_arn": "",
            "skip_destroy": false,
            "snap_start": [],
            "source_code_hash": "FmBuPfKJbrEhrSrkbf43eFwgHaLtMoQP62vNeyEkh48=",
            "source_code_size": 407,
            "tags": {},
            "tags_all": {},
            "timeout": 30,
            "timeouts": null,
            "tracing_config": [
              {
                "mode": "PassThrough"
              }
            ],
            "version": "$LATEST",
            "vpc_config": []
          },
          "sensitive_attributes": [],
          "private": "eyJlMmJmYjczMC1lY2FhLTExZTYtOGY4OC0zNDM2M2JjN2M0YzAiOnsiY3JlYXRlIjo2MDAwMDAwMDAwMDAsImRlbGV0ZSI6NjAwMDAwMDAwMDAwLCJ1cGRhdGUiOjYwMDAwMDAwMDAwMH19",
          "dependencies": [
            "module.iam.aws_iam_role.lambda_exec_role",
            "module.lambda.data.archive_file.lambda_archive"
          ]
        }
      ]
    },
    {
      "module": "module.lambda",
      "mode": "managed",
      "type": "aws_lambda_permission",
      "name": "allows_sqs_to_trigger_lambda",
      "provider": "provider[\"registry.terraform.io/hashicorp/aws\"]",
      "instances": [
        {
          "schema_version": 0,
          "attributes": {
            "action": "lambda:InvokeFunction",
            "event_source_token": null,
            "function_name": "lambda-sqs",
            "function_url_auth_type": null,
            "id": "AllowExecutionFromSQS",
            "principal": "sqs.amazonaws.com",
            "principal_org_id": null,
            "qualifier": "",
            "source_account": null,
            "source_arn": "arn:aws:sqs:ap-southeast-1:128007096314:apigateway-queue",
            "statement_id": "AllowExecutionFromSQS",
            "statement_id_prefix": ""
          },
          "sensitive_attributes": [],
          "private": "bnVsbA==",
          "dependencies": [
            "module.iam.aws_iam_role.lambda_exec_role",
            "module.lambda.aws_lambda_function.lambda_sqs",
            "module.lambda.data.archive_file.lambda_archive",
            "module.sqs.aws_sqs_queue.queue"
          ]
        }
      ]
    },
    {
      "module": "module.sqs",
      "mode": "managed",
      "type": "aws_sqs_queue",
      "name": "queue",
      "provider": "provider[\"registry.terraform.io/hashicorp/aws\"]",
      "instances": [
        {
          "schema_version": 0,
          "attributes": {
            "arn": "arn:aws:sqs:ap-southeast-1:128007096314:apigateway-queue",
            "content_based_deduplication": false,
            "deduplication_scope": "",
            "delay_seconds": 0,
            "fifo_queue": false,
            "fifo_throughput_limit": "",
            "id": "https://sqs.ap-southeast-1.amazonaws.com/128007096314/apigateway-queue",
            "kms_data_key_reuse_period_seconds": 300,
            "kms_master_key_id": "",
            "max_message_size": 262144,
            "message_retention_seconds": 86400,
            "name": "apigateway-queue",
            "name_prefix": "",
            "policy": "",
            "receive_wait_time_seconds": 10,
            "redrive_allow_policy": "",
            "redrive_policy": "",
            "sqs_managed_sse_enabled": true,
            "tags": {},
            "tags_all": {},
            "url": "https://sqs.ap-southeast-1.amazonaws.com/128007096314/apigateway-queue",
            "visibility_timeout_seconds": 30
          },
          "sensitive_attributes": [],
          "private": "bnVsbA=="
        }
      ]
    }
  ],
  "check_results": null
}
